// !$*UTF8*$!
{
	archiveVersion = 1;
	classes = {
	};
	objectVersion = 56;
	objects = {

/* Begin PBXBuildFile section */
		3B235A0C2C5BF45700F679FC /* PDFKitView.swift in Sources */ = {isa = PBXBuildFile; fileRef = 3B235A0B2C5BF45700F679FC /* PDFKitView.swift */; };
		3B235A0E2C5BF4E500F679FC /* ShowPDFView.swift in Sources */ = {isa = PBXBuildFile; fileRef = 3B235A0D2C5BF4E500F679FC /* ShowPDFView.swift */; };
		3B235A132C5BFED900F679FC /* Model.xcdatamodeld in Sources */ = {isa = PBXBuildFile; fileRef = 3B235A112C5BFED900F679FC /* Model.xcdatamodeld */; };
		3B235A152C5BFF7E00F679FC /* DataController.swift in Sources */ = {isa = PBXBuildFile; fileRef = 3B235A142C5BFF7E00F679FC /* DataController.swift */; };
		3B235A172C5BFF9400F679FC /* MyDataController.swift in Sources */ = {isa = PBXBuildFile; fileRef = 3B235A162C5BFF9400F679FC /* MyDataController.swift */; };
		3B4518F52C59673200FCC155 /* POCPastasApp.swift in Sources */ = {isa = PBXBuildFile; fileRef = 3B4518F42C59673200FCC155 /* POCPastasApp.swift */; };
		3B4518F72C59673200FCC155 /* ContentView.swift in Sources */ = {isa = PBXBuildFile; fileRef = 3B4518F62C59673200FCC155 /* ContentView.swift */; };
		3B4518F92C59673400FCC155 /* Assets.xcassets in Resources */ = {isa = PBXBuildFile; fileRef = 3B4518F82C59673400FCC155 /* Assets.xcassets */; };
		3B4518FC2C59673400FCC155 /* Preview Assets.xcassets in Resources */ = {isa = PBXBuildFile; fileRef = 3B4518FB2C59673400FCC155 /* Preview Assets.xcassets */; };
		3B45190B2C59699400FCC155 /* ArquivoIconeView.swift in Sources */ = {isa = PBXBuildFile; fileRef = 3B45190A2C59699400FCC155 /* ArquivoIconeView.swift */; };
		3B4519112C596BF100FCC155 /* PastaConteudoView.swift in Sources */ = {isa = PBXBuildFile; fileRef = 3B4519102C596BF100FCC155 /* PastaConteudoView.swift */; };
		3B4519162C597BDC00FCC155 /* PastaIconeView.swift in Sources */ = {isa = PBXBuildFile; fileRef = 3B4519152C597BDC00FCC155 /* PastaIconeView.swift */; };
		3B4519182C597D1200FCC155 /* ViewModel.swift in Sources */ = {isa = PBXBuildFile; fileRef = 3B4519172C597D1200FCC155 /* ViewModel.swift */; };
		3B45191C2C5AA44F00FCC155 /* Pilha.swift in Sources */ = {isa = PBXBuildFile; fileRef = 3B45191B2C5AA44F00FCC155 /* Pilha.swift */; };
		3B83F5A72C5AD53000E31ECB /* RightClickView.swift in Sources */ = {isa = PBXBuildFile; fileRef = 3B83F5A62C5AD53000E31ECB /* RightClickView.swift */; };
		3B8D97232C5D28BC00A6A2F8 /* ArquivoPDF+CoreDataClass.swift in Sources */ = {isa = PBXBuildFile; fileRef = 3B8D971F2C5D28BC00A6A2F8 /* ArquivoPDF+CoreDataClass.swift */; };
		3B8D97252C5D28BC00A6A2F8 /* Pasta2+CoreDataClass.swift in Sources */ = {isa = PBXBuildFile; fileRef = 3B8D97212C5D28BC00A6A2F8 /* Pasta2+CoreDataClass.swift */; };
		3B8D97282C5D31D900A6A2F8 /* CriarPastaView.swift in Sources */ = {isa = PBXBuildFile; fileRef = 3B8D97272C5D31D900A6A2F8 /* CriarPastaView.swift */; };
		3B8D972A2C61472A00A6A2F8 /* TesteView.swift in Sources */ = {isa = PBXBuildFile; fileRef = 3B8D97292C61472A00A6A2F8 /* TesteView.swift */; };
		3B8D972C2C615E2500A6A2F8 /* Teste2View.swift in Sources */ = {isa = PBXBuildFile; fileRef = 3B8D972B2C615E2500A6A2F8 /* Teste2View.swift */; };
/* End PBXBuildFile section */

/* Begin PBXFileReference section */
		3B235A0B2C5BF45700F679FC /* PDFKitView.swift */ = {isa = PBXFileReference; lastKnownFileType = sourcecode.swift; path = PDFKitView.swift; sourceTree = "<group>"; };
		3B235A0D2C5BF4E500F679FC /* ShowPDFView.swift */ = {isa = PBXFileReference; lastKnownFileType = sourcecode.swift; path = ShowPDFView.swift; sourceTree = "<group>"; };
		3B235A0F2C5BF9D900F679FC /* Info.plist */ = {isa = PBXFileReference; lastKnownFileType = text.plist; path = Info.plist; sourceTree = "<group>"; };
		3B235A122C5BFED900F679FC /* Model.xcdatamodel */ = {isa = PBXFileReference; lastKnownFileType = wrapper.xcdatamodel; path = Model.xcdatamodel; sourceTree = "<group>"; };
		3B235A142C5BFF7E00F679FC /* DataController.swift */ = {isa = PBXFileReference; lastKnownFileType = sourcecode.swift; path = DataController.swift; sourceTree = "<group>"; };
		3B235A162C5BFF9400F679FC /* MyDataController.swift */ = {isa = PBXFileReference; lastKnownFileType = sourcecode.swift; path = MyDataController.swift; sourceTree = "<group>"; };
		3B4518F12C59673200FCC155 /* POCPastas.app */ = {isa = PBXFileReference; explicitFileType = wrapper.application; includeInIndex = 0; path = POCPastas.app; sourceTree = BUILT_PRODUCTS_DIR; };
		3B4518F42C59673200FCC155 /* POCPastasApp.swift */ = {isa = PBXFileReference; lastKnownFileType = sourcecode.swift; path = POCPastasApp.swift; sourceTree = "<group>"; };
		3B4518F62C59673200FCC155 /* ContentView.swift */ = {isa = PBXFileReference; lastKnownFileType = sourcecode.swift; path = ContentView.swift; sourceTree = "<group>"; };
		3B4518F82C59673400FCC155 /* Assets.xcassets */ = {isa = PBXFileReference; lastKnownFileType = folder.assetcatalog; path = Assets.xcassets; sourceTree = "<group>"; };
		3B4518FB2C59673400FCC155 /* Preview Assets.xcassets */ = {isa = PBXFileReference; lastKnownFileType = folder.assetcatalog; path = "Preview Assets.xcassets"; sourceTree = "<group>"; };
		3B4518FD2C59673400FCC155 /* POCPastas.entitlements */ = {isa = PBXFileReference; lastKnownFileType = text.plist.entitlements; path = POCPastas.entitlements; sourceTree = "<group>"; };
		3B45190A2C59699400FCC155 /* ArquivoIconeView.swift */ = {isa = PBXFileReference; lastKnownFileType = sourcecode.swift; path = ArquivoIconeView.swift; sourceTree = "<group>"; };
		3B4519102C596BF100FCC155 /* PastaConteudoView.swift */ = {isa = PBXFileReference; lastKnownFileType = sourcecode.swift; path = PastaConteudoView.swift; sourceTree = "<group>"; };
		3B4519152C597BDC00FCC155 /* PastaIconeView.swift */ = {isa = PBXFileReference; lastKnownFileType = sourcecode.swift; path = PastaIconeView.swift; sourceTree = "<group>"; };
		3B4519172C597D1200FCC155 /* ViewModel.swift */ = {isa = PBXFileReference; lastKnownFileType = sourcecode.swift; path = ViewModel.swift; sourceTree = "<group>"; };
		3B45191B2C5AA44F00FCC155 /* Pilha.swift */ = {isa = PBXFileReference; lastKnownFileType = sourcecode.swift; path = Pilha.swift; sourceTree = "<group>"; };
		3B83F5A62C5AD53000E31ECB /* RightClickView.swift */ = {isa = PBXFileReference; lastKnownFileType = sourcecode.swift; path = RightClickView.swift; sourceTree = "<group>"; };
		3B8D971F2C5D28BC00A6A2F8 /* ArquivoPDF+CoreDataClass.swift */ = {isa = PBXFileReference; lastKnownFileType = sourcecode.swift; path = "ArquivoPDF+CoreDataClass.swift"; sourceTree = "<group>"; };
		3B8D97212C5D28BC00A6A2F8 /* Pasta2+CoreDataClass.swift */ = {isa = PBXFileReference; lastKnownFileType = sourcecode.swift; path = "Pasta2+CoreDataClass.swift"; sourceTree = "<group>"; };
		3B8D97272C5D31D900A6A2F8 /* CriarPastaView.swift */ = {isa = PBXFileReference; lastKnownFileType = sourcecode.swift; path = CriarPastaView.swift; sourceTree = "<group>"; };
		3B8D97292C61472A00A6A2F8 /* TesteView.swift */ = {isa = PBXFileReference; lastKnownFileType = sourcecode.swift; path = TesteView.swift; sourceTree = "<group>"; };
		3B8D972B2C615E2500A6A2F8 /* Teste2View.swift */ = {isa = PBXFileReference; lastKnownFileType = sourcecode.swift; path = Teste2View.swift; sourceTree = "<group>"; };
/* End PBXFileReference section */

/* Begin PBXFrameworksBuildPhase section */
		3B4518EE2C59673200FCC155 /* Frameworks */ = {
			isa = PBXFrameworksBuildPhase;
			buildActionMask = 2147483647;
			files = (
			);
			runOnlyForDeploymentPostprocessing = 0;
		};
/* End PBXFrameworksBuildPhase section */

/* Begin PBXGroup section */
		3B235A0A2C5BF3D800F679FC /* PDF */ = {
			isa = PBXGroup;
			children = (
				3B235A0B2C5BF45700F679FC /* PDFKitView.swift */,
				3B235A0D2C5BF4E500F679FC /* ShowPDFView.swift */,
			);
			path = PDF;
			sourceTree = "<group>";
		};
		3B235A102C5BFEC800F679FC /* DataController */ = {
			isa = PBXGroup;
			children = (
				3B235A142C5BFF7E00F679FC /* DataController.swift */,
				3B235A162C5BFF9400F679FC /* MyDataController.swift */,
			);
			path = DataController;
			sourceTree = "<group>";
		};
		3B4518E82C59673200FCC155 = {
			isa = PBXGroup;
			children = (
				3B4518F32C59673200FCC155 /* POCPastas */,
				3B4518F22C59673200FCC155 /* Products */,
			);
			sourceTree = "<group>";
		};
		3B4518F22C59673200FCC155 /* Products */ = {
			isa = PBXGroup;
			children = (
				3B4518F12C59673200FCC155 /* POCPastas.app */,
			);
			name = Products;
			sourceTree = "<group>";
		};
		3B4518F32C59673200FCC155 /* POCPastas */ = {
			isa = PBXGroup;
			children = (
				3B235A112C5BFED900F679FC /* Model.xcdatamodeld */,
				3B235A0F2C5BF9D900F679FC /* Info.plist */,
				3B235A102C5BFEC800F679FC /* DataController */,
				3B4519052C59682100FCC155 /* Views */,
				3B4519042C59681E00FCC155 /* ViewModel */,
				3B4519032C59681A00FCC155 /* Model */,
				3B4518F42C59673200FCC155 /* POCPastasApp.swift */,
				3B4518F62C59673200FCC155 /* ContentView.swift */,
				3B4518F82C59673400FCC155 /* Assets.xcassets */,
				3B4518FD2C59673400FCC155 /* POCPastas.entitlements */,
				3B4518FA2C59673400FCC155 /* Preview Content */,
			);
			path = POCPastas;
			sourceTree = "<group>";
		};
		3B4518FA2C59673400FCC155 /* Preview Content */ = {
			isa = PBXGroup;
			children = (
				3B4518FB2C59673400FCC155 /* Preview Assets.xcassets */,
			);
			path = "Preview Content";
			sourceTree = "<group>";
		};
		3B4519032C59681A00FCC155 /* Model */ = {
			isa = PBXGroup;
			children = (
				3B8D971F2C5D28BC00A6A2F8 /* ArquivoPDF+CoreDataClass.swift */,
				3B8D97212C5D28BC00A6A2F8 /* Pasta2+CoreDataClass.swift */,
				3B45191B2C5AA44F00FCC155 /* Pilha.swift */,
			);
			path = Model;
			sourceTree = "<group>";
		};
		3B4519042C59681E00FCC155 /* ViewModel */ = {
			isa = PBXGroup;
			children = (
				3B4519172C597D1200FCC155 /* ViewModel.swift */,
			);
			path = ViewModel;
			sourceTree = "<group>";
		};
		3B4519052C59682100FCC155 /* Views */ = {
			isa = PBXGroup;
			children = (
				3B235A0A2C5BF3D800F679FC /* PDF */,
				3B45190F2C596BE700FCC155 /* Pasta */,
				3B45190E2C596BDD00FCC155 /* Arquivo */,
				3B83F5A62C5AD53000E31ECB /* RightClickView.swift */,
				3B8D97292C61472A00A6A2F8 /* TesteView.swift */,
				3B8D972B2C615E2500A6A2F8 /* Teste2View.swift */,
			);
			path = Views;
			sourceTree = "<group>";
		};
		3B45190E2C596BDD00FCC155 /* Arquivo */ = {
			isa = PBXGroup;
			children = (
				3B45190A2C59699400FCC155 /* ArquivoIconeView.swift */,
			);
			path = Arquivo;
			sourceTree = "<group>";
		};
		3B45190F2C596BE700FCC155 /* Pasta */ = {
			isa = PBXGroup;
			children = (
				3B4519102C596BF100FCC155 /* PastaConteudoView.swift */,
				3B4519152C597BDC00FCC155 /* PastaIconeView.swift */,
				3B8D97272C5D31D900A6A2F8 /* CriarPastaView.swift */,
			);
			path = Pasta;
			sourceTree = "<group>";
		};
/* End PBXGroup section */

/* Begin PBXNativeTarget section */
		3B4518F02C59673200FCC155 /* POCPastas */ = {
			isa = PBXNativeTarget;
			buildConfigurationList = 3B4519002C59673400FCC155 /* Build configuration list for PBXNativeTarget "POCPastas" */;
			buildPhases = (
				3B4518ED2C59673200FCC155 /* Sources */,
				3B4518EE2C59673200FCC155 /* Frameworks */,
				3B4518EF2C59673200FCC155 /* Resources */,
			);
			buildRules = (
			);
			dependencies = (
			);
			name = POCPastas;
			productName = POCPastas;
			productReference = 3B4518F12C59673200FCC155 /* POCPastas.app */;
			productType = "com.apple.product-type.application";
		};
/* End PBXNativeTarget section */

/* Begin PBXProject section */
		3B4518E92C59673200FCC155 /* Project object */ = {
			isa = PBXProject;
			attributes = {
				BuildIndependentTargetsInParallel = 1;
				LastSwiftUpdateCheck = 1540;
				LastUpgradeCheck = 1540;
				TargetAttributes = {
					3B4518F02C59673200FCC155 = {
						CreatedOnToolsVersion = 15.4;
					};
				};
			};
			buildConfigurationList = 3B4518EC2C59673200FCC155 /* Build configuration list for PBXProject "POCPastas" */;
			compatibilityVersion = "Xcode 14.0";
			developmentRegion = en;
			hasScannedForEncodings = 0;
			knownRegions = (
				en,
				Base,
			);
			mainGroup = 3B4518E82C59673200FCC155;
			productRefGroup = 3B4518F22C59673200FCC155 /* Products */;
			projectDirPath = "";
			projectRoot = "";
			targets = (
				3B4518F02C59673200FCC155 /* POCPastas */,
			);
		};
/* End PBXProject section */

/* Begin PBXResourcesBuildPhase section */
		3B4518EF2C59673200FCC155 /* Resources */ = {
			isa = PBXResourcesBuildPhase;
			buildActionMask = 2147483647;
			files = (
				3B4518FC2C59673400FCC155 /* Preview Assets.xcassets in Resources */,
				3B4518F92C59673400FCC155 /* Assets.xcassets in Resources */,
			);
			runOnlyForDeploymentPostprocessing = 0;
		};
/* End PBXResourcesBuildPhase section */

/* Begin PBXSourcesBuildPhase section */
		3B4518ED2C59673200FCC155 /* Sources */ = {
			isa = PBXSourcesBuildPhase;
			buildActionMask = 2147483647;
			files = (
				3B4519182C597D1200FCC155 /* ViewModel.swift in Sources */,
				3B83F5A72C5AD53000E31ECB /* RightClickView.swift in Sources */,
				3B4519162C597BDC00FCC155 /* PastaIconeView.swift in Sources */,
				3B8D972C2C615E2500A6A2F8 /* Teste2View.swift in Sources */,
				3B4518F72C59673200FCC155 /* ContentView.swift in Sources */,
				3B8D97232C5D28BC00A6A2F8 /* ArquivoPDF+CoreDataClass.swift in Sources */,
				3B8D97252C5D28BC00A6A2F8 /* Pasta2+CoreDataClass.swift in Sources */,
				3B8D97282C5D31D900A6A2F8 /* CriarPastaView.swift in Sources */,
				3B45190B2C59699400FCC155 /* ArquivoIconeView.swift in Sources */,
				3B235A172C5BFF9400F679FC /* MyDataController.swift in Sources */,
				3B235A132C5BFED900F679FC /* Model.xcdatamodeld in Sources */,
				3B4518F52C59673200FCC155 /* POCPastasApp.swift in Sources */,
				3B4519112C596BF100FCC155 /* PastaConteudoView.swift in Sources */,
				3B235A152C5BFF7E00F679FC /* DataController.swift in Sources */,
				3B8D972A2C61472A00A6A2F8 /* TesteView.swift in Sources */,
				3B235A0E2C5BF4E500F679FC /* ShowPDFView.swift in Sources */,
				3B45191C2C5AA44F00FCC155 /* Pilha.swift in Sources */,
				3B235A0C2C5BF45700F679FC /* PDFKitView.swift in Sources */,
			);
			runOnlyForDeploymentPostprocessing = 0;
		};
/* End PBXSourcesBuildPhase section */

/* Begin XCBuildConfiguration section */
		3B4518FE2C59673400FCC155 /* Debug */ = {
			isa = XCBuildConfiguration;
			buildSettings = {
				ALWAYS_SEARCH_USER_PATHS = NO;
				ASSETCATALOG_COMPILER_GENERATE_SWIFT_ASSET_SYMBOL_EXTENSIONS = YES;
				CLANG_ANALYZER_NONNULL = YES;
				CLANG_ANALYZER_NUMBER_OBJECT_CONVERSION = YES_AGGRESSIVE;
				CLANG_CXX_LANGUAGE_STANDARD = "gnu++20";
				CLANG_ENABLE_MODULES = YES;
				CLANG_ENABLE_OBJC_ARC = YES;
				CLANG_ENABLE_OBJC_WEAK = YES;
				CLANG_WARN_BLOCK_CAPTURE_AUTORELEASING = YES;
				CLANG_WARN_BOOL_CONVERSION = YES;
				CLANG_WARN_COMMA = YES;
				CLANG_WARN_CONSTANT_CONVERSION = YES;
				CLANG_WARN_DEPRECATED_OBJC_IMPLEMENTATIONS = YES;
				CLANG_WARN_DIRECT_OBJC_ISA_USAGE = YES_ERROR;
				CLANG_WARN_DOCUMENTATION_COMMENTS = YES;
				CLANG_WARN_EMPTY_BODY = YES;
				CLANG_WARN_ENUM_CONVERSION = YES;
				CLANG_WARN_INFINITE_RECURSION = YES;
				CLANG_WARN_INT_CONVERSION = YES;
				CLANG_WARN_NON_LITERAL_NULL_CONVERSION = YES;
				CLANG_WARN_OBJC_IMPLICIT_RETAIN_SELF = YES;
				CLANG_WARN_OBJC_LITERAL_CONVERSION = YES;
				CLANG_WARN_OBJC_ROOT_CLASS = YES_ERROR;
				CLANG_WARN_QUOTED_INCLUDE_IN_FRAMEWORK_HEADER = YES;
				CLANG_WARN_RANGE_LOOP_ANALYSIS = YES;
				CLANG_WARN_STRICT_PROTOTYPES = YES;
				CLANG_WARN_SUSPICIOUS_MOVE = YES;
				CLANG_WARN_UNGUARDED_AVAILABILITY = YES_AGGRESSIVE;
				CLANG_WARN_UNREACHABLE_CODE = YES;
				CLANG_WARN__DUPLICATE_METHOD_MATCH = YES;
				COPY_PHASE_STRIP = NO;
				DEBUG_INFORMATION_FORMAT = dwarf;
				ENABLE_STRICT_OBJC_MSGSEND = YES;
				ENABLE_TESTABILITY = YES;
				ENABLE_USER_SCRIPT_SANDBOXING = YES;
				GCC_C_LANGUAGE_STANDARD = gnu17;
				GCC_DYNAMIC_NO_PIC = NO;
				GCC_NO_COMMON_BLOCKS = YES;
				GCC_OPTIMIZATION_LEVEL = 0;
				GCC_PREPROCESSOR_DEFINITIONS = (
					"DEBUG=1",
					"$(inherited)",
				);
				GCC_WARN_64_TO_32_BIT_CONVERSION = YES;
				GCC_WARN_ABOUT_RETURN_TYPE = YES_ERROR;
				GCC_WARN_UNDECLARED_SELECTOR = YES;
				GCC_WARN_UNINITIALIZED_AUTOS = YES_AGGRESSIVE;
				GCC_WARN_UNUSED_FUNCTION = YES;
				GCC_WARN_UNUSED_VARIABLE = YES;
				LOCALIZATION_PREFERS_STRING_CATALOGS = YES;
				MACOSX_DEPLOYMENT_TARGET = 14.5;
				MTL_ENABLE_DEBUG_INFO = INCLUDE_SOURCE;
				MTL_FAST_MATH = YES;
				ONLY_ACTIVE_ARCH = YES;
				SDKROOT = macosx;
				SWIFT_ACTIVE_COMPILATION_CONDITIONS = "DEBUG $(inherited)";
				SWIFT_OPTIMIZATION_LEVEL = "-Onone";
			};
			name = Debug;
		};
		3B4518FF2C59673400FCC155 /* Release */ = {
			isa = XCBuildConfiguration;
			buildSettings = {
				ALWAYS_SEARCH_USER_PATHS = NO;
				ASSETCATALOG_COMPILER_GENERATE_SWIFT_ASSET_SYMBOL_EXTENSIONS = YES;
				CLANG_ANALYZER_NONNULL = YES;
				CLANG_ANALYZER_NUMBER_OBJECT_CONVERSION = YES_AGGRESSIVE;
				CLANG_CXX_LANGUAGE_STANDARD = "gnu++20";
				CLANG_ENABLE_MODULES = YES;
				CLANG_ENABLE_OBJC_ARC = YES;
				CLANG_ENABLE_OBJC_WEAK = YES;
				CLANG_WARN_BLOCK_CAPTURE_AUTORELEASING = YES;
				CLANG_WARN_BOOL_CONVERSION = YES;
				CLANG_WARN_COMMA = YES;
				CLANG_WARN_CONSTANT_CONVERSION = YES;
				CLANG_WARN_DEPRECATED_OBJC_IMPLEMENTATIONS = YES;
				CLANG_WARN_DIRECT_OBJC_ISA_USAGE = YES_ERROR;
				CLANG_WARN_DOCUMENTATION_COMMENTS = YES;
				CLANG_WARN_EMPTY_BODY = YES;
				CLANG_WARN_ENUM_CONVERSION = YES;
				CLANG_WARN_INFINITE_RECURSION = YES;
				CLANG_WARN_INT_CONVERSION = YES;
				CLANG_WARN_NON_LITERAL_NULL_CONVERSION = YES;
				CLANG_WARN_OBJC_IMPLICIT_RETAIN_SELF = YES;
				CLANG_WARN_OBJC_LITERAL_CONVERSION = YES;
				CLANG_WARN_OBJC_ROOT_CLASS = YES_ERROR;
				CLANG_WARN_QUOTED_INCLUDE_IN_FRAMEWORK_HEADER = YES;
				CLANG_WARN_RANGE_LOOP_ANALYSIS = YES;
				CLANG_WARN_STRICT_PROTOTYPES = YES;
				CLANG_WARN_SUSPICIOUS_MOVE = YES;
				CLANG_WARN_UNGUARDED_AVAILABILITY = YES_AGGRESSIVE;
				CLANG_WARN_UNREACHABLE_CODE = YES;
				CLANG_WARN__DUPLICATE_METHOD_MATCH = YES;
				COPY_PHASE_STRIP = NO;
				DEBUG_INFORMATION_FORMAT = "dwarf-with-dsym";
				ENABLE_NS_ASSERTIONS = NO;
				ENABLE_STRICT_OBJC_MSGSEND = YES;
				ENABLE_USER_SCRIPT_SANDBOXING = YES;
				GCC_C_LANGUAGE_STANDARD = gnu17;
				GCC_NO_COMMON_BLOCKS = YES;
				GCC_WARN_64_TO_32_BIT_CONVERSION = YES;
				GCC_WARN_ABOUT_RETURN_TYPE = YES_ERROR;
				GCC_WARN_UNDECLARED_SELECTOR = YES;
				GCC_WARN_UNINITIALIZED_AUTOS = YES_AGGRESSIVE;
				GCC_WARN_UNUSED_FUNCTION = YES;
				GCC_WARN_UNUSED_VARIABLE = YES;
				LOCALIZATION_PREFERS_STRING_CATALOGS = YES;
				MACOSX_DEPLOYMENT_TARGET = 14.5;
				MTL_ENABLE_DEBUG_INFO = NO;
				MTL_FAST_MATH = YES;
				SDKROOT = macosx;
				SWIFT_COMPILATION_MODE = wholemodule;
			};
			name = Release;
		};
		3B4519012C59673400FCC155 /* Debug */ = {
			isa = XCBuildConfiguration;
			buildSettings = {
				ASSETCATALOG_COMPILER_APPICON_NAME = AppIcon;
				ASSETCATALOG_COMPILER_GLOBAL_ACCENT_COLOR_NAME = AccentColor;
				CODE_SIGN_ENTITLEMENTS = POCPastas/POCPastas.entitlements;
				CODE_SIGN_STYLE = Automatic;
				COMBINE_HIDPI_IMAGES = YES;
				CURRENT_PROJECT_VERSION = 1;
				DEVELOPMENT_ASSET_PATHS = "\"POCPastas/Preview Content\"";
				DEVELOPMENT_TEAM = 6S6995TY46;
				ENABLE_HARDENED_RUNTIME = YES;
				ENABLE_PREVIEWS = YES;
				GENERATE_INFOPLIST_FILE = YES;
				INFOPLIST_FILE = POCPastas/Info.plist;
				INFOPLIST_KEY_NSHumanReadableCopyright = "";
				LD_RUNPATH_SEARCH_PATHS = (
					"$(inherited)",
					"@executable_path/../Frameworks",
				);
				MARKETING_VERSION = 1.0;
				PRODUCT_BUNDLE_IDENTIFIER = com.gabrielvicentinnegro.POCPastas;
				PRODUCT_NAME = "$(TARGET_NAME)";
				SWIFT_EMIT_LOC_STRINGS = YES;
				SWIFT_VERSION = 5.0;
			};
			name = Debug;
		};
		3B4519022C59673400FCC155 /* Release */ = {
			isa = XCBuildConfiguration;
			buildSettings = {
				ASSETCATALOG_COMPILER_APPICON_NAME = AppIcon;
				ASSETCATALOG_COMPILER_GLOBAL_ACCENT_COLOR_NAME = AccentColor;
				CODE_SIGN_ENTITLEMENTS = POCPastas/POCPastas.entitlements;
				CODE_SIGN_STYLE = Automatic;
				COMBINE_HIDPI_IMAGES = YES;
				CURRENT_PROJECT_VERSION = 1;
				DEVELOPMENT_ASSET_PATHS = "\"POCPastas/Preview Content\"";
				DEVELOPMENT_TEAM = 6S6995TY46;
				ENABLE_HARDENED_RUNTIME = YES;
				ENABLE_PREVIEWS = YES;
				GENERATE_INFOPLIST_FILE = YES;
				INFOPLIST_FILE = POCPastas/Info.plist;
				INFOPLIST_KEY_NSHumanReadableCopyright = "";
				LD_RUNPATH_SEARCH_PATHS = (
					"$(inherited)",
					"@executable_path/../Frameworks",
				);
				MARKETING_VERSION = 1.0;
				PRODUCT_BUNDLE_IDENTIFIER = com.gabrielvicentinnegro.POCPastas;
				PRODUCT_NAME = "$(TARGET_NAME)";
				SWIFT_EMIT_LOC_STRINGS = YES;
				SWIFT_VERSION = 5.0;
			};
			name = Release;
		};
/* End XCBuildConfiguration section */

/* Begin XCConfigurationList section */
		3B4518EC2C59673200FCC155 /* Build configuration list for PBXProject "POCPastas" */ = {
			isa = XCConfigurationList;
			buildConfigurations = (
				3B4518FE2C59673400FCC155 /* Debug */,
				3B4518FF2C59673400FCC155 /* Release */,
			);
			defaultConfigurationIsVisible = 0;
			defaultConfigurationName = Release;
		};
		3B4519002C59673400FCC155 /* Build configuration list for PBXNativeTarget "POCPastas" */ = {
			isa = XCConfigurationList;
			buildConfigurations = (
				3B4519012C59673400FCC155 /* Debug */,
				3B4519022C59673400FCC155 /* Release */,
			);
			defaultConfigurationIsVisible = 0;
			defaultConfigurationName = Release;
		};
/* End XCConfigurationList section */

/* Begin XCVersionGroup section */
		3B235A112C5BFED900F679FC /* Model.xcdatamodeld */ = {
			isa = XCVersionGroup;
			children = (
				3B235A122C5BFED900F679FC /* Model.xcdatamodel */,
			);
			currentVersion = 3B235A122C5BFED900F679FC /* Model.xcdatamodel */;
			name = Model.xcdatamodeld;
			path = /Users/gabrielvicentinnegro/git/Academy/POCPastas/POCPastas/Model.xcdatamodeld;
			sourceTree = "<group>";
			usesTabs = 0;
			versionGroupType = wrapper.xcdatamodel;
		};
/* End XCVersionGroup section */
	};
	rootObject = 3B4518E92C59673200FCC155 /* Project object */;
}
